
Microsoft Visual Studio Solution File, Format Version 12.00
# Visual Studio Version 17
VisualStudioVersion = 17.0.31903.59
MinimumVisualStudioVersion = 10.0.40219.1
Project("{FAE04EC0-301F-11D3-BF4B-00C04F79EFBC}") = "Chronos", "Chronos\Chronos.csproj", "{8E8C7574-9F54-4B06-8DCA-6BF1F5A8E3E3}"
EndProject
Project("{FAE04EC0-301F-11D3-BF4B-00C04F79EFBC}") = "RandomTest", "RandomTest\RandomTest.csproj", "{72D19F65-7729-4037-A5B3-4489B7A95523}"
EndProject
Project("{FAE04EC0-301F-11D3-BF4B-00C04F79EFBC}") = "RanDice", "RanDice\RanDice.csproj", "{DC2473CD-F348-46A1-B706-0809A16ABFD1}"
EndProject
Project("{FAE04EC0-301F-11D3-BF4B-00C04F79EFBC}") = "MyGame", "MyGame\MyGame.csproj", "{840F5C5B-08A5-4EED-BA2A-7902E49920FE}"
EndProject
Global
	GlobalSection(SolutionConfigurationPlatforms) = preSolution
		Debug|Any CPU = Debug|Any CPU
		Release|Any CPU = Release|Any CPU
	EndGlobalSection
	GlobalSection(SolutionProperties) = preSolution
		HideSolutionNode = FALSE
	EndGlobalSection
	GlobalSection(ProjectConfigurationPlatforms) = postSolution
		{8E8C7574-9F54-4B06-8DCA-6BF1F5A8E3E3}.Debug|Any CPU.ActiveCfg = Debug|Any CPU
		{8E8C7574-9F54-4B06-8DCA-6BF1F5A8E3E3}.Debug|Any CPU.Build.0 = Debug|Any CPU
		{8E8C7574-9F54-4B06-8DCA-6BF1F5A8E3E3}.Release|Any CPU.ActiveCfg = Release|Any CPU
		{8E8C7574-9F54-4B06-8DCA-6BF1F5A8E3E3}.Release|Any CPU.Build.0 = Release|Any CPU
		{72D19F65-7729-4037-A5B3-4489B7A95523}.Debug|Any CPU.ActiveCfg = Debug|Any CPU
		{72D19F65-7729-4037-A5B3-4489B7A95523}.Debug|Any CPU.Build.0 = Debug|Any CPU
		{72D19F65-7729-4037-A5B3-4489B7A95523}.Release|Any CPU.ActiveCfg = Release|Any CPU
		{72D19F65-7729-4037-A5B3-4489B7A95523}.Release|Any CPU.Build.0 = Release|Any CPU
		{DC2473CD-F348-46A1-B706-0809A16ABFD1}.Debug|Any CPU.ActiveCfg = Debug|Any CPU
		{DC2473CD-F348-46A1-B706-0809A16ABFD1}.Debug|Any CPU.Build.0 = Debug|Any CPU
		{DC2473CD-F348-46A1-B706-0809A16ABFD1}.Release|Any CPU.ActiveCfg = Release|Any CPU
		{DC2473CD-F348-46A1-B706-0809A16ABFD1}.Release|Any CPU.Build.0 = Release|Any CPU
		{840F5C5B-08A5-4EED-BA2A-7902E49920FE}.Debug|Any CPU.ActiveCfg = Debug|Any CPU
		{840F5C5B-08A5-4EED-BA2A-7902E49920FE}.Debug|Any CPU.Build.0 = Debug|Any CPU
		{840F5C5B-08A5-4EED-BA2A-7902E49920FE}.Release|Any CPU.ActiveCfg = Release|Any CPU
		{840F5C5B-08A5-4EED-BA2A-7902E49920FE}.Release|Any CPU.Build.0 = Release|Any CPU
	EndGlobalSection
EndGlobal
